
Microsoft Visual Studio Solution File, Format Version 12.00
# Visual Studio Version 16
VisualStudioVersion = 16.0.30320.27
MinimumVisualStudioVersion = 10.0.40219.1
Project("{FAE04EC0-301F-11D3-BF4B-00C04F79EFBC}") = "Builder Design Pattern", "Builder Design Pattern\Builder Design Pattern.csproj", "{0462CD3C-7E47-4CC9-8CDF-D6FED3CA1103}"
EndProject
Global
	GlobalSection(SolutionConfigurationPlatforms) = preSolution
		Debug|Any CPU = Debug|Any CPU
		Release|Any CPU = Release|Any CPU
	EndGlobalSection
	GlobalSection(ProjectConfigurationPlatforms) = postSolution
		{0462CD3C-7E47-4CC9-8CDF-D6FED3CA1103}.Debug|Any CPU.ActiveCfg = Debug|Any CPU
		{0462CD3C-7E47-4CC9-8CDF-D6FED3CA1103}.Debug|Any CPU.Build.0 = Debug|Any CPU
		{0462CD3C-7E47-4CC9-8CDF-D6FED3CA1103}.Release|Any CPU.ActiveCfg = Release|Any CPU
		{0462CD3C-7E47-4CC9-8CDF-D6FED3CA1103}.Release|Any CPU.Build.0 = Release|Any CPU
	EndGlobalSection
	GlobalSection(SolutionProperties) = preSolution
		HideSolutionNode = FALSE
	EndGlobalSection
	GlobalSection(ExtensibilityGlobals) = postSolution
		SolutionGuid = {EAF81C98-AF29-4405-B090-962DFE1B9397}
	EndGlobalSection
EndGlobal
